// !$*UTF8*$!
{
	archiveVersion = 1;
	classes = {
	};
	objectVersion = 50;
	objects = {

/* Begin PBXBuildFile section */
		2925632121569B7A007AC908 /* ShlokViewCell.swift in Sources */ = {isa = PBXBuildFile; fileRef = 2925631F21569B7A007AC908 /* ShlokViewCell.swift */; };
		2925632221569B7A007AC908 /* ShlokViewCell.xib in Resources */ = {isa = PBXBuildFile; fileRef = 2925632021569B7A007AC908 /* ShlokViewCell.xib */; };
		2930E8F7214AF4A600370D77 /* StotraData.swift in Sources */ = {isa = PBXBuildFile; fileRef = 2930E8F6214AF4A600370D77 /* StotraData.swift */; };
		2930E8FB214B1E9E00370D77 /* DetailViewController.swift in Sources */ = {isa = PBXBuildFile; fileRef = 2930E8FA214B1E9E00370D77 /* DetailViewController.swift */; };
		29C23C7E213465EC00D1ED4C /* AppDelegate.swift in Sources */ = {isa = PBXBuildFile; fileRef = 29C23C7D213465EC00D1ED4C /* AppDelegate.swift */; };
		29C23C80213465EC00D1ED4C /* ListViewController.swift in Sources */ = {isa = PBXBuildFile; fileRef = 29C23C7F213465EC00D1ED4C /* ListViewController.swift */; };
		29C23C83213465EC00D1ED4C /* Main.storyboard in Resources */ = {isa = PBXBuildFile; fileRef = 29C23C81213465EC00D1ED4C /* Main.storyboard */; };
		29C23C85213465EF00D1ED4C /* Assets.xcassets in Resources */ = {isa = PBXBuildFile; fileRef = 29C23C84213465EF00D1ED4C /* Assets.xcassets */; };
		29C23C88213465EF00D1ED4C /* LaunchScreen.storyboard in Resources */ = {isa = PBXBuildFile; fileRef = 29C23C86213465EF00D1ED4C /* LaunchScreen.storyboard */; };
		29C23C9021387C7E00D1ED4C /* Stotra.swift in Sources */ = {isa = PBXBuildFile; fileRef = 29C23C8F21387C7E00D1ED4C /* Stotra.swift */; };
/* End PBXBuildFile section */

/* Begin PBXFileReference section */
		2925631F21569B7A007AC908 /* ShlokViewCell.swift */ = {isa = PBXFileReference; lastKnownFileType = sourcecode.swift; path = ShlokViewCell.swift; sourceTree = "<group>"; };
		2925632021569B7A007AC908 /* ShlokViewCell.xib */ = {isa = PBXFileReference; lastKnownFileType = file.xib; path = ShlokViewCell.xib; sourceTree = "<group>"; };
		2930E8F6214AF4A600370D77 /* StotraData.swift */ = {isa = PBXFileReference; lastKnownFileType = sourcecode.swift; path = StotraData.swift; sourceTree = "<group>"; };
		2930E8FA214B1E9E00370D77 /* DetailViewController.swift */ = {isa = PBXFileReference; lastKnownFileType = sourcecode.swift; path = DetailViewController.swift; sourceTree = "<group>"; };
		29C23C7A213465EC00D1ED4C /* Prarthna.app */ = {isa = PBXFileReference; explicitFileType = wrapper.application; includeInIndex = 0; path = Prarthna.app; sourceTree = BUILT_PRODUCTS_DIR; };
		29C23C7D213465EC00D1ED4C /* AppDelegate.swift */ = {isa = PBXFileReference; lastKnownFileType = sourcecode.swift; path = AppDelegate.swift; sourceTree = "<group>"; };
		29C23C7F213465EC00D1ED4C /* ListViewController.swift */ = {isa = PBXFileReference; lastKnownFileType = sourcecode.swift; path = ListViewController.swift; sourceTree = "<group>"; };
		29C23C82213465EC00D1ED4C /* Base */ = {isa = PBXFileReference; lastKnownFileType = file.storyboard; name = Base; path = Base.lproj/Main.storyboard; sourceTree = "<group>"; };
		29C23C84213465EF00D1ED4C /* Assets.xcassets */ = {isa = PBXFileReference; lastKnownFileType = folder.assetcatalog; path = Assets.xcassets; sourceTree = "<group>"; };
		29C23C87213465EF00D1ED4C /* Base */ = {isa = PBXFileReference; lastKnownFileType = file.storyboard; name = Base; path = Base.lproj/LaunchScreen.storyboard; sourceTree = "<group>"; };
		29C23C89213465EF00D1ED4C /* Info.plist */ = {isa = PBXFileReference; lastKnownFileType = text.plist.xml; path = Info.plist; sourceTree = "<group>"; };
		29C23C8F21387C7E00D1ED4C /* Stotra.swift */ = {isa = PBXFileReference; lastKnownFileType = sourcecode.swift; path = Stotra.swift; sourceTree = "<group>"; };
/* End PBXFileReference section */

/* Begin PBXFrameworksBuildPhase section */
		29C23C77213465EB00D1ED4C /* Frameworks */ = {
			isa = PBXFrameworksBuildPhase;
			buildActionMask = 2147483647;
			files = (
			);
			runOnlyForDeploymentPostprocessing = 0;
		};
/* End PBXFrameworksBuildPhase section */

/* Begin PBXGroup section */
		29C23C71213465EB00D1ED4C = {
			isa = PBXGroup;
			children = (
				29C23C7C213465EC00D1ED4C /* Prarthna */,
				29C23C7B213465EC00D1ED4C /* Products */,
			);
			sourceTree = "<group>";
		};
		29C23C7B213465EC00D1ED4C /* Products */ = {
			isa = PBXGroup;
			children = (
				29C23C7A213465EC00D1ED4C /* Prarthna.app */,
			);
			name = Products;
			sourceTree = "<group>";
		};
		29C23C7C213465EC00D1ED4C /* Prarthna */ = {
			isa = PBXGroup;
			children = (
				29C23C9421387CCA00D1ED4C /* Controller */,
				29C23C9221387CAA00D1ED4C /* Model */,
				29C23C9321387CBC00D1ED4C /* View */,
				29C23C9521387CEC00D1ED4C /* Supporting Files */,
			);
			path = Prarthna;
			sourceTree = "<group>";
		};
		29C23C9221387CAA00D1ED4C /* Model */ = {
			isa = PBXGroup;
			children = (
				29C23C8F21387C7E00D1ED4C /* Stotra.swift */,
				2930E8F6214AF4A600370D77 /* StotraData.swift */,
			);
			path = Model;
			sourceTree = "<group>";
		};
		29C23C9321387CBC00D1ED4C /* View */ = {
			isa = PBXGroup;
			children = (
				29C23C81213465EC00D1ED4C /* Main.storyboard */,
				29C23C84213465EF00D1ED4C /* Assets.xcassets */,
				2925631F21569B7A007AC908 /* ShlokViewCell.swift */,
				2925632021569B7A007AC908 /* ShlokViewCell.xib */,
			);
			path = View;
			sourceTree = "<group>";
		};
		29C23C9421387CCA00D1ED4C /* Controller */ = {
			isa = PBXGroup;
			children = (
				29C23C7D213465EC00D1ED4C /* AppDelegate.swift */,
				29C23C7F213465EC00D1ED4C /* ListViewController.swift */,
				2930E8FA214B1E9E00370D77 /* DetailViewController.swift */,
			);
			path = Controller;
			sourceTree = "<group>";
		};
		29C23C9521387CEC00D1ED4C /* Supporting Files */ = {
			isa = PBXGroup;
			children = (
				29C23C86213465EF00D1ED4C /* LaunchScreen.storyboard */,
				29C23C89213465EF00D1ED4C /* Info.plist */,
			);
			path = "Supporting Files";
			sourceTree = "<group>";
		};
/* End PBXGroup section */

/* Begin PBXNativeTarget section */
		29C23C79213465EB00D1ED4C /* Prarthna */ = {
			isa = PBXNativeTarget;
			buildConfigurationList = 29C23C8C213465EF00D1ED4C /* Build configuration list for PBXNativeTarget "Prarthna" */;
			buildPhases = (
				29C23C76213465EB00D1ED4C /* Sources */,
				29C23C77213465EB00D1ED4C /* Frameworks */,
				29C23C78213465EB00D1ED4C /* Resources */,
			);
			buildRules = (
			);
			dependencies = (
			);
			name = Prarthna;
			productName = Prarthna;
			productReference = 29C23C7A213465EC00D1ED4C /* Prarthna.app */;
			productType = "com.apple.product-type.application";
		};
/* End PBXNativeTarget section */

/* Begin PBXProject section */
		29C23C72213465EB00D1ED4C /* Project object */ = {
			isa = PBXProject;
			attributes = {
				LastSwiftUpdateCheck = 0930;
				LastUpgradeCheck = 0930;
				ORGANIZATIONNAME = "Vinay Soni";
				TargetAttributes = {
					29C23C79213465EB00D1ED4C = {
						CreatedOnToolsVersion = 9.3;
					};
				};
			};
			buildConfigurationList = 29C23C75213465EB00D1ED4C /* Build configuration list for PBXProject "Prarthna" */;
			compatibilityVersion = "Xcode 9.3";
			developmentRegion = en;
			hasScannedForEncodings = 0;
			knownRegions = (
				en,
				Base,
			);
			mainGroup = 29C23C71213465EB00D1ED4C;
			productRefGroup = 29C23C7B213465EC00D1ED4C /* Products */;
			projectDirPath = "";
			projectRoot = "";
			targets = (
				29C23C79213465EB00D1ED4C /* Prarthna */,
			);
		};
/* End PBXProject section */

/* Begin PBXResourcesBuildPhase section */
		29C23C78213465EB00D1ED4C /* Resources */ = {
			isa = PBXResourcesBuildPhase;
			buildActionMask = 2147483647;
			files = (
				29C23C88213465EF00D1ED4C /* LaunchScreen.storyboard in Resources */,
				29C23C85213465EF00D1ED4C /* Assets.xcassets in Resources */,
				2925632221569B7A007AC908 /* ShlokViewCell.xib in Resources */,
				29C23C83213465EC00D1ED4C /* Main.storyboard in Resources */,
			);
			runOnlyForDeploymentPostprocessing = 0;
		};
/* End PBXResourcesBuildPhase section */

/* Begin PBXSourcesBuildPhase section */
		29C23C76213465EB00D1ED4C /* Sources */ = {
			isa = PBXSourcesBuildPhase;
			buildActionMask = 2147483647;
			files = (
				29C23C9021387C7E00D1ED4C /* Stotra.swift in Sources */,
				29C23C80213465EC00D1ED4C /* ListViewController.swift in Sources */,
				2925632121569B7A007AC908 /* ShlokViewCell.swift in Sources */,
				2930E8FB214B1E9E00370D77 /* DetailViewController.swift in Sources */,
				2930E8F7214AF4A600370D77 /* StotraData.swift in Sources */,
				29C23C7E213465EC00D1ED4C /* AppDelegate.swift in Sources */,
			);
			runOnlyForDeploymentPostprocessing = 0;
		};
/* End PBXSourcesBuildPhase section */

/* Begin PBXVariantGroup section */
		29C23C81213465EC00D1ED4C /* Main.storyboard */ = {
			isa = PBXVariantGroup;
			children = (
				29C23C82213465EC00D1ED4C /* Base */,
			);
			name = Main.storyboard;
			sourceTree = "<group>";
		};
		29C23C86213465EF00D1ED4C /* LaunchScreen.storyboard */ = {
			isa = PBXVariantGroup;
			children = (
				29C23C87213465EF00D1ED4C /* Base */,
			);
			name = LaunchScreen.storyboard;
			sourceTree = "<group>";
		};
/* End PBXVariantGroup section */

/* Begin XCBuildConfiguration section */
		29C23C8A213465EF00D1ED4C /* Debug */ = {
			isa = XCBuildConfiguration;
			buildSettings = {
				ALWAYS_SEARCH_USER_PATHS = NO;
				CLANG_ANALYZER_NONNULL = YES;
				CLANG_ANALYZER_NUMBER_OBJECT_CONVERSION = YES_AGGRESSIVE;
				CLANG_CXX_LANGUAGE_STANDARD = "gnu++14";
				CLANG_CXX_LIBRARY = "libc++";
				CLANG_ENABLE_MODULES = YES;
				CLANG_ENABLE_OBJC_ARC = YES;
				CLANG_ENABLE_OBJC_WEAK = YES;
				CLANG_WARN_BLOCK_CAPTURE_AUTORELEASING = YES;
				CLANG_WARN_BOOL_CONVERSION = YES;
				CLANG_WARN_COMMA = YES;
				CLANG_WARN_CONSTANT_CONVERSION = YES;
				CLANG_WARN_DEPRECATED_OBJC_IMPLEMENTATIONS = YES;
				CLANG_WARN_DIRECT_OBJC_ISA_USAGE = YES_ERROR;
				CLANG_WARN_DOCUMENTATION_COMMENTS = YES;
				CLANG_WARN_EMPTY_BODY = YES;
				CLANG_WARN_ENUM_CONVERSION = YES;
				CLANG_WARN_INFINITE_RECURSION = YES;
				CLANG_WARN_INT_CONVERSION = YES;
				CLANG_WARN_NON_LITERAL_NULL_CONVERSION = YES;
				CLANG_WARN_OBJC_IMPLICIT_RETAIN_SELF = YES;
				CLANG_WARN_OBJC_LITERAL_CONVERSION = YES;
				CLANG_WARN_OBJC_ROOT_CLASS = YES_ERROR;
				CLANG_WARN_RANGE_LOOP_ANALYSIS = YES;
				CLANG_WARN_STRICT_PROTOTYPES = YES;
				CLANG_WARN_SUSPICIOUS_MOVE = YES;
				CLANG_WARN_UNGUARDED_AVAILABILITY = YES_AGGRESSIVE;
				CLANG_WARN_UNREACHABLE_CODE = YES;
				CLANG_WARN__DUPLICATE_METHOD_MATCH = YES;
				CODE_SIGN_IDENTITY = "iPhone Developer";
				COPY_PHASE_STRIP = NO;
				DEBUG_INFORMATION_FORMAT = dwarf;
				ENABLE_STRICT_OBJC_MSGSEND = YES;
				ENABLE_TESTABILITY = YES;
				GCC_C_LANGUAGE_STANDARD = gnu11;
				GCC_DYNAMIC_NO_PIC = NO;
				GCC_NO_COMMON_BLOCKS = YES;
				GCC_OPTIMIZATION_LEVEL = 0;
				GCC_PREPROCESSOR_DEFINITIONS = (
					"DEBUG=1",
					"$(inherited)",
				);
				GCC_WARN_64_TO_32_BIT_CONVERSION = YES;
				GCC_WARN_ABOUT_RETURN_TYPE = YES_ERROR;
				GCC_WARN_UNDECLARED_SELECTOR = YES;
				GCC_WARN_UNINITIALIZED_AUTOS = YES_AGGRESSIVE;
				GCC_WARN_UNUSED_FUNCTION = YES;
				GCC_WARN_UNUSED_VARIABLE = YES;
				IPHONEOS_DEPLOYMENT_TARGET = 11.3;
				MTL_ENABLE_DEBUG_INFO = YES;
				ONLY_ACTIVE_ARCH = YES;
				SDKROOT = iphoneos;
				SWIFT_ACTIVE_COMPILATION_CONDITIONS = DEBUG;
				SWIFT_OPTIMIZATION_LEVEL = "-Onone";
			};
			name = Debug;
		};
		29C23C8B213465EF00D1ED4C /* Release */ = {
			isa = XCBuildConfiguration;
			buildSettings = {
				ALWAYS_SEARCH_USER_PATHS = NO;
				CLANG_ANALYZER_NONNULL = YES;
				CLANG_ANALYZER_NUMBER_OBJECT_CONVERSION = YES_AGGRESSIVE;
				CLANG_CXX_LANGUAGE_STANDARD = "gnu++14";
				CLANG_CXX_LIBRARY = "libc++";
				CLANG_ENABLE_MODULES = YES;
				CLANG_ENABLE_OBJC_ARC = YES;
				CLANG_ENABLE_OBJC_WEAK = YES;
				CLANG_WARN_BLOCK_CAPTURE_AUTORELEASING = YES;
				CLANG_WARN_BOOL_CONVERSION = YES;
				CLANG_WARN_COMMA = YES;
				CLANG_WARN_CONSTANT_CONVERSION = YES;
				CLANG_WARN_DEPRECATED_OBJC_IMPLEMENTATIONS = YES;
				CLANG_WARN_DIRECT_OBJC_ISA_USAGE = YES_ERROR;
				CLANG_WARN_DOCUMENTATION_COMMENTS = YES;
				CLANG_WARN_EMPTY_BODY = YES;
				CLANG_WARN_ENUM_CONVERSION = YES;
				CLANG_WARN_INFINITE_RECURSION = YES;
				CLANG_WARN_INT_CONVERSION = YES;
				CLANG_WARN_NON_LITERAL_NULL_CONVERSION = YES;
				CLANG_WARN_OBJC_IMPLICIT_RETAIN_SELF = YES;
				CLANG_WARN_OBJC_LITERAL_CONVERSION = YES;
				CLANG_WARN_OBJC_ROOT_CLASS = YES_ERROR;
				CLANG_WARN_RANGE_LOOP_ANALYSIS = YES;
				CLANG_WARN_STRICT_PROTOTYPES = YES;
				CLANG_WARN_SUSPICIOUS_MOVE = YES;
				CLANG_WARN_UNGUARDED_AVAILABILITY = YES_AGGRESSIVE;
				CLANG_WARN_UNREACHABLE_CODE = YES;
				CLANG_WARN__DUPLICATE_METHOD_MATCH = YES;
				CODE_SIGN_IDENTITY = "iPhone Developer";
				COPY_PHASE_STRIP = NO;
				DEBUG_INFORMATION_FORMAT = "dwarf-with-dsym";
				ENABLE_NS_ASSERTIONS = NO;
				ENABLE_STRICT_OBJC_MSGSEND = YES;
				GCC_C_LANGUAGE_STANDARD = gnu11;
				GCC_NO_COMMON_BLOCKS = YES;
				GCC_WARN_64_TO_32_BIT_CONVERSION = YES;
				GCC_WARN_ABOUT_RETURN_TYPE = YES_ERROR;
				GCC_WARN_UNDECLARED_SELECTOR = YES;
				GCC_WARN_UNINITIALIZED_AUTOS = YES_AGGRESSIVE;
				GCC_WARN_UNUSED_FUNCTION = YES;
				GCC_WARN_UNUSED_VARIABLE = YES;
				IPHONEOS_DEPLOYMENT_TARGET = 11.3;
				MTL_ENABLE_DEBUG_INFO = NO;
				SDKROOT = iphoneos;
				SWIFT_COMPILATION_MODE = wholemodule;
				SWIFT_OPTIMIZATION_LEVEL = "-O";
				VALIDATE_PRODUCT = YES;
			};
			name = Release;
		};
		29C23C8D213465EF00D1ED4C /* Debug */ = {
			isa = XCBuildConfiguration;
			buildSettings = {
				ASSETCATALOG_COMPILER_APPICON_NAME = AppIcon;
				CODE_SIGN_STYLE = Automatic;
				DEVELOPMENT_TEAM = R2F6BR8J3J;
				INFOPLIST_FILE = "$(SRCROOT)/Prarthna/Supporting Files/Info.plist";
				IPHONEOS_DEPLOYMENT_TARGET = 11.0;
				LD_RUNPATH_SEARCH_PATHS = (
					"$(inherited)",
					"@executable_path/Frameworks",
				);
				PRODUCT_BUNDLE_IDENTIFIER = com.vinayasoni.Prarthna;
				PRODUCT_NAME = "$(TARGET_NAME)";
				SWIFT_VERSION = 4.0;
				TARGETED_DEVICE_FAMILY = 1;
			};
			name = Debug;
		};
		29C23C8E213465EF00D1ED4C /* Release */ = {
			isa = XCBuildConfiguration;
			buildSettings = {
				ASSETCATALOG_COMPILER_APPICON_NAME = AppIcon;
				CODE_SIGN_STYLE = Automatic;
				DEVELOPMENT_TEAM = R2F6BR8J3J;
				INFOPLIST_FILE = "$(SRCROOT)/Prarthna/Supporting Files/Info.plist";
				IPHONEOS_DEPLOYMENT_TARGET = 11.0;
				LD_RUNPATH_SEARCH_PATHS = (
					"$(inherited)",
					"@executable_path/Frameworks",
				);
				PRODUCT_BUNDLE_IDENTIFIER = com.vinayasoni.Prarthna;
				PRODUCT_NAME = "$(TARGET_NAME)";
				SWIFT_VERSION = 4.0;
				TARGETED_DEVICE_FAMILY = 1;
			};
			name = Release;
		};
/* End XCBuildConfiguration section */

/* Begin XCConfigurationList section */
		29C23C75213465EB00D1ED4C /* Build configuration list for PBXProject "Prarthna" */ = {
			isa = XCConfigurationList;
			buildConfigurations = (
				29C23C8A213465EF00D1ED4C /* Debug */,
				29C23C8B213465EF00D1ED4C /* Release */,
			);
			defaultConfigurationIsVisible = 0;
			defaultConfigurationName = Release;
		};
		29C23C8C213465EF00D1ED4C /* Build configuration list for PBXNativeTarget "Prarthna" */ = {
			isa = XCConfigurationList;
			buildConfigurations = (
				29C23C8D213465EF00D1ED4C /* Debug */,
				29C23C8E213465EF00D1ED4C /* Release */,
			);
			defaultConfigurationIsVisible = 0;
			defaultConfigurationName = Release;
		};
/* End XCConfigurationList section */
	};
	rootObject = 29C23C72213465EB00D1ED4C /* Project object */;
}
